{
  "sources": {
    "yum": {
      "locked_version": "3.0.3",
      "git": "https://github.com/opscode-cookbooks/yum.git",
      "ref": "47dc6b8af09025dac0c32d58cbcef6a57c6790e6"
    },
    "yum-epel": {
      "locked_version": "0.2.1",
      "git": "https://github.com/opscode-cookbooks/yum-epel.git",
      "ref": "549f9a479d801bfb48ec8d81b03d1b6b28e7e7a0"
    },
    "yum-remi": {
      "locked_version": "0.1.0",
      "git": "git@github.com:tektoh/yum-remi.git",
      "ref": "c0d5ca6138af142ab94399fdaf5682ebe5d831c0"
    },
    "selinux": {
      "locked_version": "0.5.6"
    },
    "iptables": {
      "locked_version": "0.12.0"
    },
    "git": {
      "locked_version": "2.7.0"
    },
    "php": {
      "locked_version": "1.2.6"
    },
    "php-extends": {
      "path": "./site-cookbooks/php-extends"
    },
    "mysql": {
      "locked_version": "3.0.10"
    },
    "apache2": {
      "locked_version": "1.8.4"
    },
    "memcached": {
      "locked_version": "1.6.0"
    },
    "nodejs": {
      "locked_version": "1.3.0"
    },
    "phpmyadmin": {
      "locked_version": "1.0.5"
    },
    "phpmyadmin-alias": {
      "path": "./site-cookbooks/phpmyadmin-alias"
    },
    "i18n": {
      "locked_version": "0.1.0",
      "git": "https://github.com/tektoh/centos-i18n.git",
      "ref": "003bd39f38cb8f9223f88c9e0c7cee0756a44eb8"
    },
    "devtools": {
      "locked_version": "0.1.0",
      "git": "https://github.com/tektoh/centos-devtools.git",
      "ref": "1eaabfdfff084ac4cd3ef922de50e6c96cf7cdc7"
    },
    "dmg": {
      "locked_version": "2.0.0"
    },
    "build-essential": {
      "locked_version": "1.4.2"
    },
    "windows": {
      "locked_version": "1.10.0"
    },
    "chef_handler": {
      "locked_version": "1.1.4"
    },
    "runit": {
      "locked_version": "1.2.0"
    },
    "xml": {
      "locked_version": "1.1.2"
    },
    "openssl": {
      "locked_version": "1.1.0"
    },
    "apt": {
      "locked_version": "2.1.1"
    },
    "nginx": {
      "locked_version": "1.8.0"
    },
    "ohai": {
      "locked_version": "1.1.12"
    }
  }
}
